
Microsoft Visual Studio Solution File, Format Version 12.00
# Visual Studio Version 16
VisualStudioVersion = 16.0.29418.71
MinimumVisualStudioVersion = 10.0.40219.1
Project("{FAE04EC0-301F-11D3-BF4B-00C04F79EFBC}") = "newYearResolutions", "newYearResolutions\newYearResolutions.csproj", "{C16A2F68-94C7-49AE-814E-22639B399FDA}"
EndProject
Global
	GlobalSection(SolutionConfigurationPlatforms) = preSolution
		Debug|Any CPU = Debug|Any CPU
		Release|Any CPU = Release|Any CPU
	EndGlobalSection
	GlobalSection(ProjectConfigurationPlatforms) = postSolution
		{C16A2F68-94C7-49AE-814E-22639B399FDA}.Debug|Any CPU.ActiveCfg = Debug|Any CPU
		{C16A2F68-94C7-49AE-814E-22639B399FDA}.Debug|Any CPU.Build.0 = Debug|Any CPU
		{C16A2F68-94C7-49AE-814E-22639B399FDA}.Release|Any CPU.ActiveCfg = Release|Any CPU
		{C16A2F68-94C7-49AE-814E-22639B399FDA}.Release|Any CPU.Build.0 = Release|Any CPU
	EndGlobalSection
	GlobalSection(SolutionProperties) = preSolution
		HideSolutionNode = FALSE
	EndGlobalSection
	GlobalSection(ExtensibilityGlobals) = postSolution
		SolutionGuid = {53C7F71C-45CE-4E94-A30F-30F3B0DB6243}
	EndGlobalSection
EndGlobal
